{
  "name": "shadowcore",
  "version": "2.0.0",
  "lockfileVersion": 3,
  "requires": true,
  "packages": {
    "": {
      "name": "shadowcore",
      "version": "2.0.0",
      "dependencies": {
        "discord.js": "^14.16.3",
        "dotenv": "^16.4.5",
        "express": "^4.19.2"
      },
      "devDependencies": {
        "nodemon": "^3.1.4"
      },
      "engines": {
        "node": "18.x"
      }
    },
    "node_modules/discord.js": {
      "version": "14.16.3",
      "resolved": "https://registry.npmjs.org/discord.js/-/discord.js-14.16.3.tgz",
      "integrity": "sha512-d4Dr1gq0VcaW3M+ZrXAyXzxvVx7gIJHW+dHLAzoDjLKXWm2yOnoNXo6u7mC7v5VkYGxEGsqmhJcIg77qRmXVA=="
    },
    "node_modules/dotenv": {
      "version": "16.4.5",
      "resolved": "https://registry.npmjs.org/dotenv/-/dotenv-16.4.5.tgz",
      "integrity": "sha512-ZmdL2rQYMUB2c3j3MBVuJaHWlqIiJN3PrBvchSCjm6E7l3+9iMwsFSqCOlV5bqtc7f1ukCPp9gASHHqVBKEhw=="
    },
    "node_modules/express": {
      "version": "4.19.2",
      "resolved": "https://registry.npmjs.org/express/-/express-4.19.2.tgz",
      "integrity": "sha512-t4SEBjY+Vserat6FeSvM4aIg7rs8/b2d/OHkD63BcH5vTcado+31QEwNrAfg7vL1bIi2c/4H2A58gPUtWYAQw=="
    },
    "node_modules/nodemon": {
      "version": "3.1.4",
      "resolved": "https://registry.npmjs.org/nodemon/-/nodemon-3.1.4.tgz",
      "integrity": "sha512-wjhAW7BWu5a2aISAr3hh7/1S27OyZrDRNSLT7I7N9S5s5FT6yXX0IEhLnEDZK1X1KQm60qevL1/YKTJ2ZAQZg==",
      "dev": true
    }
  }
}
